// !$*UTF8*$!
{
	archiveVersion = 1;
	classes = {
	};
	objectVersion = 50;
	objects = {

/* Begin PBXBuildFile section */
		202E0741269EA18A00403D00 /* AppDelegate.m in Sources */ = {isa = PBXBuildFile; fileRef = 202E0740269EA18A00403D00 /* AppDelegate.m */; };
		202E0744269EA18A00403D00 /* SceneDelegate.m in Sources */ = {isa = PBXBuildFile; fileRef = 202E0743269EA18A00403D00 /* SceneDelegate.m */; };
		202E0747269EA18A00403D00 /* ViewController.m in Sources */ = {isa = PBXBuildFile; fileRef = 202E0746269EA18A00403D00 /* ViewController.m */; };
		202E074A269EA18A00403D00 /* Main.storyboard in Resources */ = {isa = PBXBuildFile; fileRef = 202E0748269EA18A00403D00 /* Main.storyboard */; };
		202E074C269EA18B00403D00 /* Assets.xcassets in Resources */ = {isa = PBXBuildFile; fileRef = 202E074B269EA18B00403D00 /* Assets.xcassets */; };
		202E074F269EA18B00403D00 /* LaunchScreen.storyboard in Resources */ = {isa = PBXBuildFile; fileRef = 202E074D269EA18B00403D00 /* LaunchScreen.storyboard */; };
		202E0752269EA18B00403D00 /* main.m in Sources */ = {isa = PBXBuildFile; fileRef = 202E0751269EA18B00403D00 /* main.m */; };
/* End PBXBuildFile section */

/* Begin PBXFileReference section */
		202E073C269EA18A00403D00 /* LifeCicle.app */ = {isa = PBXFileReference; explicitFileType = wrapper.application; includeInIndex = 0; path = LifeCicle.app; sourceTree = BUILT_PRODUCTS_DIR; };
		202E073F269EA18A00403D00 /* AppDelegate.h */ = {isa = PBXFileReference; lastKnownFileType = sourcecode.c.h; path = AppDelegate.h; sourceTree = "<group>"; };
		202E0740269EA18A00403D00 /* AppDelegate.m */ = {isa = PBXFileReference; lastKnownFileType = sourcecode.c.objc; path = AppDelegate.m; sourceTree = "<group>"; };
		202E0742269EA18A00403D00 /* SceneDelegate.h */ = {isa = PBXFileReference; lastKnownFileType = sourcecode.c.h; path = SceneDelegate.h; sourceTree = "<group>"; };
		202E0743269EA18A00403D00 /* SceneDelegate.m */ = {isa = PBXFileReference; lastKnownFileType = sourcecode.c.objc; path = SceneDelegate.m; sourceTree = "<group>"; };
		202E0745269EA18A00403D00 /* ViewController.h */ = {isa = PBXFileReference; lastKnownFileType = sourcecode.c.h; path = ViewController.h; sourceTree = "<group>"; };
		202E0746269EA18A00403D00 /* ViewController.m */ = {isa = PBXFileReference; lastKnownFileType = sourcecode.c.objc; path = ViewController.m; sourceTree = "<group>"; };
		202E0749269EA18A00403D00 /* Base */ = {isa = PBXFileReference; lastKnownFileType = file.storyboard; name = Base; path = Base.lproj/Main.storyboard; sourceTree = "<group>"; };
		202E074B269EA18B00403D00 /* Assets.xcassets */ = {isa = PBXFileReference; lastKnownFileType = folder.assetcatalog; path = Assets.xcassets; sourceTree = "<group>"; };
		202E074E269EA18B00403D00 /* Base */ = {isa = PBXFileReference; lastKnownFileType = file.storyboard; name = Base; path = Base.lproj/LaunchScreen.storyboard; sourceTree = "<group>"; };
		202E0750269EA18B00403D00 /* Info.plist */ = {isa = PBXFileReference; lastKnownFileType = text.plist.xml; path = Info.plist; sourceTree = "<group>"; };
		202E0751269EA18B00403D00 /* main.m */ = {isa = PBXFileReference; lastKnownFileType = sourcecode.c.objc; path = main.m; sourceTree = "<group>"; };
/* End PBXFileReference section */

/* Begin PBXFrameworksBuildPhase section */
		202E0739269EA18A00403D00 /* Frameworks */ = {
			isa = PBXFrameworksBuildPhase;
			buildActionMask = 2147483647;
			files = (
			);
			runOnlyForDeploymentPostprocessing = 0;
		};
/* End PBXFrameworksBuildPhase section */

/* Begin PBXGroup section */
		202E0733269EA18A00403D00 = {
			isa = PBXGroup;
			children = (
				202E073E269EA18A00403D00 /* LifeCicle */,
				202E073D269EA18A00403D00 /* Products */,
			);
			sourceTree = "<group>";
		};
		202E073D269EA18A00403D00 /* Products */ = {
			isa = PBXGroup;
			children = (
				202E073C269EA18A00403D00 /* LifeCicle.app */,
			);
			name = Products;
			sourceTree = "<group>";
		};
		202E073E269EA18A00403D00 /* LifeCicle */ = {
			isa = PBXGroup;
			children = (
				202E073F269EA18A00403D00 /* AppDelegate.h */,
				202E0740269EA18A00403D00 /* AppDelegate.m */,
				202E0742269EA18A00403D00 /* SceneDelegate.h */,
				202E0743269EA18A00403D00 /* SceneDelegate.m */,
				202E0745269EA18A00403D00 /* ViewController.h */,
				202E0746269EA18A00403D00 /* ViewController.m */,
				202E0748269EA18A00403D00 /* Main.storyboard */,
				202E074B269EA18B00403D00 /* Assets.xcassets */,
				202E074D269EA18B00403D00 /* LaunchScreen.storyboard */,
				202E0750269EA18B00403D00 /* Info.plist */,
				202E0751269EA18B00403D00 /* main.m */,
			);
			path = LifeCicle;
			sourceTree = "<group>";
		};
/* End PBXGroup section */

/* Begin PBXNativeTarget section */
		202E073B269EA18A00403D00 /* LifeCicle */ = {
			isa = PBXNativeTarget;
			buildConfigurationList = 202E0755269EA18B00403D00 /* Build configuration list for PBXNativeTarget "LifeCicle" */;
			buildPhases = (
				202E0738269EA18A00403D00 /* Sources */,
				202E0739269EA18A00403D00 /* Frameworks */,
				202E073A269EA18A00403D00 /* Resources */,
			);
			buildRules = (
			);
			dependencies = (
			);
			name = LifeCicle;
			productName = LifeCicle;
			productReference = 202E073C269EA18A00403D00 /* LifeCicle.app */;
			productType = "com.apple.product-type.application";
		};
/* End PBXNativeTarget section */

/* Begin PBXProject section */
		202E0734269EA18A00403D00 /* Project object */ = {
			isa = PBXProject;
			attributes = {
				LastUpgradeCheck = 1250;
				TargetAttributes = {
					202E073B269EA18A00403D00 = {
						CreatedOnToolsVersion = 12.5;
					};
				};
			};
			buildConfigurationList = 202E0737269EA18A00403D00 /* Build configuration list for PBXProject "LifeCicle" */;
			compatibilityVersion = "Xcode 9.3";
			developmentRegion = en;
			hasScannedForEncodings = 0;
			knownRegions = (
				en,
				Base,
			);
			mainGroup = 202E0733269EA18A00403D00;
			productRefGroup = 202E073D269EA18A00403D00 /* Products */;
			projectDirPath = "";
			projectRoot = "";
			targets = (
				202E073B269EA18A00403D00 /* LifeCicle */,
			);
		};
/* End PBXProject section */

/* Begin PBXResourcesBuildPhase section */
		202E073A269EA18A00403D00 /* Resources */ = {
			isa = PBXResourcesBuildPhase;
			buildActionMask = 2147483647;
			files = (
				202E074F269EA18B00403D00 /* LaunchScreen.storyboard in Resources */,
				202E074C269EA18B00403D00 /* Assets.xcassets in Resources */,
				202E074A269EA18A00403D00 /* Main.storyboard in Resources */,
			);
			runOnlyForDeploymentPostprocessing = 0;
		};
/* End PBXResourcesBuildPhase section */

/* Begin PBXSourcesBuildPhase section */
		202E0738269EA18A00403D00 /* Sources */ = {
			isa = PBXSourcesBuildPhase;
			buildActionMask = 2147483647;
			files = (
				202E0747269EA18A00403D00 /* ViewController.m in Sources */,
				202E0741269EA18A00403D00 /* AppDelegate.m in Sources */,
				202E0752269EA18B00403D00 /* main.m in Sources */,
				202E0744269EA18A00403D00 /* SceneDelegate.m in Sources */,
			);
			runOnlyForDeploymentPostprocessing = 0;
		};
/* End PBXSourcesBuildPhase section */

/* Begin PBXVariantGroup section */
		202E0748269EA18A00403D00 /* Main.storyboard */ = {
			isa = PBXVariantGroup;
			children = (
				202E0749269EA18A00403D00 /* Base */,
			);
			name = Main.storyboard;
			sourceTree = "<group>";
		};
		202E074D269EA18B00403D00 /* LaunchScreen.storyboard */ = {
			isa = PBXVariantGroup;
			children = (
				202E074E269EA18B00403D00 /* Base */,
			);
			name = LaunchScreen.storyboard;
			sourceTree = "<group>";
		};
/* End PBXVariantGroup section */

/* Begin XCBuildConfiguration section */
		202E0753269EA18B00403D00 /* Debug */ = {
			isa = XCBuildConfiguration;
			buildSettings = {
				ALWAYS_SEARCH_USER_PATHS = NO;
				CLANG_ANALYZER_NONNULL = YES;
				CLANG_ANALYZER_NUMBER_OBJECT_CONVERSION = YES_AGGRESSIVE;
				CLANG_CXX_LANGUAGE_STANDARD = "gnu++14";
				CLANG_CXX_LIBRARY = "libc++";
				CLANG_ENABLE_MODULES = YES;
				CLANG_ENABLE_OBJC_ARC = YES;
				CLANG_ENABLE_OBJC_WEAK = YES;
				CLANG_WARN_BLOCK_CAPTURE_AUTORELEASING = YES;
				CLANG_WARN_BOOL_CONVERSION = YES;
				CLANG_WARN_COMMA = YES;
				CLANG_WARN_CONSTANT_CONVERSION = YES;
				CLANG_WARN_DEPRECATED_OBJC_IMPLEMENTATIONS = YES;
				CLANG_WARN_DIRECT_OBJC_ISA_USAGE = YES_ERROR;
				CLANG_WARN_DOCUMENTATION_COMMENTS = YES;
				CLANG_WARN_EMPTY_BODY = YES;
				CLANG_WARN_ENUM_CONVERSION = YES;
				CLANG_WARN_INFINITE_RECURSION = YES;
				CLANG_WARN_INT_CONVERSION = YES;
				CLANG_WARN_NON_LITERAL_NULL_CONVERSION = YES;
				CLANG_WARN_OBJC_IMPLICIT_RETAIN_SELF = YES;
				CLANG_WARN_OBJC_LITERAL_CONVERSION = YES;
				CLANG_WARN_OBJC_ROOT_CLASS = YES_ERROR;
				CLANG_WARN_QUOTED_INCLUDE_IN_FRAMEWORK_HEADER = YES;
				CLANG_WARN_RANGE_LOOP_ANALYSIS = YES;
				CLANG_WARN_STRICT_PROTOTYPES = YES;
				CLANG_WARN_SUSPICIOUS_MOVE = YES;
				CLANG_WARN_UNGUARDED_AVAILABILITY = YES_AGGRESSIVE;
				CLANG_WARN_UNREACHABLE_CODE = YES;
				CLANG_WARN__DUPLICATE_METHOD_MATCH = YES;
				COPY_PHASE_STRIP = NO;
				DEBUG_INFORMATION_FORMAT = dwarf;
				ENABLE_STRICT_OBJC_MSGSEND = YES;
				ENABLE_TESTABILITY = YES;
				GCC_C_LANGUAGE_STANDARD = gnu11;
				GCC_DYNAMIC_NO_PIC = NO;
				GCC_NO_COMMON_BLOCKS = YES;
				GCC_OPTIMIZATION_LEVEL = 0;
				GCC_PREPROCESSOR_DEFINITIONS = (
					"DEBUG=1",
					"$(inherited)",
				);
				GCC_WARN_64_TO_32_BIT_CONVERSION = YES;
				GCC_WARN_ABOUT_RETURN_TYPE = YES_ERROR;
				GCC_WARN_UNDECLARED_SELECTOR = YES;
				GCC_WARN_UNINITIALIZED_AUTOS = YES_AGGRESSIVE;
				GCC_WARN_UNUSED_FUNCTION = YES;
				GCC_WARN_UNUSED_VARIABLE = YES;
				IPHONEOS_DEPLOYMENT_TARGET = 14.5;
				MTL_ENABLE_DEBUG_INFO = INCLUDE_SOURCE;
				MTL_FAST_MATH = YES;
				ONLY_ACTIVE_ARCH = YES;
				SDKROOT = iphoneos;
			};
			name = Debug;
		};
		202E0754269EA18B00403D00 /* Release */ = {
			isa = XCBuildConfiguration;
			buildSettings = {
				ALWAYS_SEARCH_USER_PATHS = NO;
				CLANG_ANALYZER_NONNULL = YES;
				CLANG_ANALYZER_NUMBER_OBJECT_CONVERSION = YES_AGGRESSIVE;
				CLANG_CXX_LANGUAGE_STANDARD = "gnu++14";
				CLANG_CXX_LIBRARY = "libc++";
				CLANG_ENABLE_MODULES = YES;
				CLANG_ENABLE_OBJC_ARC = YES;
				CLANG_ENABLE_OBJC_WEAK = YES;
				CLANG_WARN_BLOCK_CAPTURE_AUTORELEASING = YES;
				CLANG_WARN_BOOL_CONVERSION = YES;
				CLANG_WARN_COMMA = YES;
				CLANG_WARN_CONSTANT_CONVERSION = YES;
				CLANG_WARN_DEPRECATED_OBJC_IMPLEMENTATIONS = YES;
				CLANG_WARN_DIRECT_OBJC_ISA_USAGE = YES_ERROR;
				CLANG_WARN_DOCUMENTATION_COMMENTS = YES;
				CLANG_WARN_EMPTY_BODY = YES;
				CLANG_WARN_ENUM_CONVERSION = YES;
				CLANG_WARN_INFINITE_RECURSION = YES;
				CLANG_WARN_INT_CONVERSION = YES;
				CLANG_WARN_NON_LITERAL_NULL_CONVERSION = YES;
				CLANG_WARN_OBJC_IMPLICIT_RETAIN_SELF = YES;
				CLANG_WARN_OBJC_LITERAL_CONVERSION = YES;
				CLANG_WARN_OBJC_ROOT_CLASS = YES_ERROR;
				CLANG_WARN_QUOTED_INCLUDE_IN_FRAMEWORK_HEADER = YES;
				CLANG_WARN_RANGE_LOOP_ANALYSIS = YES;
				CLANG_WARN_STRICT_PROTOTYPES = YES;
				CLANG_WARN_SUSPICIOUS_MOVE = YES;
				CLANG_WARN_UNGUARDED_AVAILABILITY = YES_AGGRESSIVE;
				CLANG_WARN_UNREACHABLE_CODE = YES;
				CLANG_WARN__DUPLICATE_METHOD_MATCH = YES;
				COPY_PHASE_STRIP = NO;
				DEBUG_INFORMATION_FORMAT = "dwarf-with-dsym";
				ENABLE_NS_ASSERTIONS = NO;
				ENABLE_STRICT_OBJC_MSGSEND = YES;
				GCC_C_LANGUAGE_STANDARD = gnu11;
				GCC_NO_COMMON_BLOCKS = YES;
				GCC_WARN_64_TO_32_BIT_CONVERSION = YES;
				GCC_WARN_ABOUT_RETURN_TYPE = YES_ERROR;
				GCC_WARN_UNDECLARED_SELECTOR = YES;
				GCC_WARN_UNINITIALIZED_AUTOS = YES_AGGRESSIVE;
				GCC_WARN_UNUSED_FUNCTION = YES;
				GCC_WARN_UNUSED_VARIABLE = YES;
				IPHONEOS_DEPLOYMENT_TARGET = 14.5;
				MTL_ENABLE_DEBUG_INFO = NO;
				MTL_FAST_MATH = YES;
				SDKROOT = iphoneos;
				VALIDATE_PRODUCT = YES;
			};
			name = Release;
		};
		202E0756269EA18B00403D00 /* Debug */ = {
			isa = XCBuildConfiguration;
			buildSettings = {
				ASSETCATALOG_COMPILER_APPICON_NAME = AppIcon;
				ASSETCATALOG_COMPILER_GLOBAL_ACCENT_COLOR_NAME = AccentColor;
				CODE_SIGN_STYLE = Automatic;
				DEVELOPMENT_TEAM = ZMX77LFT7B;
				INFOPLIST_FILE = LifeCicle/Info.plist;
				LD_RUNPATH_SEARCH_PATHS = (
					"$(inherited)",
					"@executable_path/Frameworks",
				);
				PRODUCT_BUNDLE_IDENTIFIER = my.app.LifeCicle;
				PRODUCT_NAME = "$(TARGET_NAME)";
				TARGETED_DEVICE_FAMILY = "1,2";
			};
			name = Debug;
		};
		202E0757269EA18B00403D00 /* Release */ = {
			isa = XCBuildConfiguration;
			buildSettings = {
				ASSETCATALOG_COMPILER_APPICON_NAME = AppIcon;
				ASSETCATALOG_COMPILER_GLOBAL_ACCENT_COLOR_NAME = AccentColor;
				CODE_SIGN_STYLE = Automatic;
				DEVELOPMENT_TEAM = ZMX77LFT7B;
				INFOPLIST_FILE = LifeCicle/Info.plist;
				LD_RUNPATH_SEARCH_PATHS = (
					"$(inherited)",
					"@executable_path/Frameworks",
				);
				PRODUCT_BUNDLE_IDENTIFIER = my.app.LifeCicle;
				PRODUCT_NAME = "$(TARGET_NAME)";
				TARGETED_DEVICE_FAMILY = "1,2";
			};
			name = Release;
		};
/* End XCBuildConfiguration section */

/* Begin XCConfigurationList section */
		202E0737269EA18A00403D00 /* Build configuration list for PBXProject "LifeCicle" */ = {
			isa = XCConfigurationList;
			buildConfigurations = (
				202E0753269EA18B00403D00 /* Debug */,
				202E0754269EA18B00403D00 /* Release */,
			);
			defaultConfigurationIsVisible = 0;
			defaultConfigurationName = Release;
		};
		202E0755269EA18B00403D00 /* Build configuration list for PBXNativeTarget "LifeCicle" */ = {
			isa = XCConfigurationList;
			buildConfigurations = (
				202E0756269EA18B00403D00 /* Debug */,
				202E0757269EA18B00403D00 /* Release */,
			);
			defaultConfigurationIsVisible = 0;
			defaultConfigurationName = Release;
		};
/* End XCConfigurationList section */
	};
	rootObject = 202E0734269EA18A00403D00 /* Project object */;
}
